
Microsoft Visual Studio Solution File, Format Version 12.00
# Visual Studio Version 17
VisualStudioVersion = 17.14.36511.14 d17.14
MinimumVisualStudioVersion = 10.0.40219.1
Project("{8BC9CEB8-8B4A-11D0-8D11-00A0C91BC942}") = "Artillery", "Artillery.vcxproj", "{E4AC0733-2827-40E3-9A23-5E68A2A47D98}"
EndProject
Global
	GlobalSection(SolutionConfigurationPlatforms) = preSolution
		Debug|x64 = Debug|x64
		Debug|x86 = Debug|x86
		Release|x64 = Release|x64
		Release|x86 = Release|x86
	EndGlobalSection
	GlobalSection(ProjectConfigurationPlatforms) = postSolution
		{E4AC0733-2827-40E3-9A23-5E68A2A47D98}.Debug|x64.ActiveCfg = Debug|x64
		{E4AC0733-2827-40E3-9A23-5E68A2A47D98}.Debug|x64.Build.0 = Debug|x64
		{E4AC0733-2827-40E3-9A23-5E68A2A47D98}.Debug|x86.ActiveCfg = Debug|Win32
		{E4AC0733-2827-40E3-9A23-5E68A2A47D98}.Debug|x86.Build.0 = Debug|Win32
		{E4AC0733-2827-40E3-9A23-5E68A2A47D98}.Release|x64.ActiveCfg = Release|x64
		{E4AC0733-2827-40E3-9A23-5E68A2A47D98}.Release|x64.Build.0 = Release|x64
		{E4AC0733-2827-40E3-9A23-5E68A2A47D98}.Release|x86.ActiveCfg = Release|Win32
		{E4AC0733-2827-40E3-9A23-5E68A2A47D98}.Release|x86.Build.0 = Release|Win32
	EndGlobalSection
	GlobalSection(SolutionProperties) = preSolution
		HideSolutionNode = FALSE
	EndGlobalSection
	GlobalSection(ExtensibilityGlobals) = postSolution
		SolutionGuid = {D865DA1E-92E4-42CC-AF4E-E442E0650B23}
	EndGlobalSection
EndGlobal
